
Microsoft Visual Studio Solution File, Format Version 12.00
# Visual Studio Version 17
VisualStudioVersion = 17.12.35707.178
MinimumVisualStudioVersion = 10.0.40219.1
Project("{FAE04EC0-301F-11D3-BF4B-00C04F79EFBC}") = "test", "test\test.csproj", "{51509076-E368-452D-AE4A-A2CC121B475E}"
EndProject
Project("{FAE04EC0-301F-11D3-BF4B-00C04F79EFBC}") = "serverStatic", "serverStatic\serverStatic.csproj", "{65C43148-5FB6-4AEF-84D3-3D48931F1B8B}"
EndProject
Global
	GlobalSection(SolutionConfigurationPlatforms) = preSolution
		Debug|Any CPU = Debug|Any CPU
		Release|Any CPU = Release|Any CPU
	EndGlobalSection
	GlobalSection(ProjectConfigurationPlatforms) = postSolution
		{51509076-E368-452D-AE4A-A2CC121B475E}.Debug|Any CPU.ActiveCfg = Debug|Any CPU
		{51509076-E368-452D-AE4A-A2CC121B475E}.Debug|Any CPU.Build.0 = Debug|Any CPU
		{51509076-E368-452D-AE4A-A2CC121B475E}.Release|Any CPU.ActiveCfg = Release|Any CPU
		{51509076-E368-452D-AE4A-A2CC121B475E}.Release|Any CPU.Build.0 = Release|Any CPU
		{65C43148-5FB6-4AEF-84D3-3D48931F1B8B}.Debug|Any CPU.ActiveCfg = Debug|Any CPU
		{65C43148-5FB6-4AEF-84D3-3D48931F1B8B}.Debug|Any CPU.Build.0 = Debug|Any CPU
		{65C43148-5FB6-4AEF-84D3-3D48931F1B8B}.Release|Any CPU.ActiveCfg = Release|Any CPU
		{65C43148-5FB6-4AEF-84D3-3D48931F1B8B}.Release|Any CPU.Build.0 = Release|Any CPU
	EndGlobalSection
	GlobalSection(SolutionProperties) = preSolution
		HideSolutionNode = FALSE
	EndGlobalSection
EndGlobal
